
Microsoft Visual Studio Solution File, Format Version 12.00
# Visual Studio 15
VisualStudioVersion = 15.0.27130.2003
MinimumVisualStudioVersion = 10.0.40219.1
Project("{FAE04EC0-301F-11D3-BF4B-00C04F79EFBC}") = "JenkingsIntegration", "JenkingsIntegration\JenkingsIntegration.csproj", "{804272BF-CAE8-46D0-A22C-164AD0C0F1FF}"
EndProject
Global
	GlobalSection(SolutionConfigurationPlatforms) = preSolution
		Debug|Any CPU = Debug|Any CPU
		Release|Any CPU = Release|Any CPU
	EndGlobalSection
	GlobalSection(ProjectConfigurationPlatforms) = postSolution
		{804272BF-CAE8-46D0-A22C-164AD0C0F1FF}.Debug|Any CPU.ActiveCfg = Debug|Any CPU
		{804272BF-CAE8-46D0-A22C-164AD0C0F1FF}.Debug|Any CPU.Build.0 = Debug|Any CPU
		{804272BF-CAE8-46D0-A22C-164AD0C0F1FF}.Release|Any CPU.ActiveCfg = Release|Any CPU
		{804272BF-CAE8-46D0-A22C-164AD0C0F1FF}.Release|Any CPU.Build.0 = Release|Any CPU
	EndGlobalSection
	GlobalSection(SolutionProperties) = preSolution
		HideSolutionNode = FALSE
	EndGlobalSection
	GlobalSection(ExtensibilityGlobals) = postSolution
		SolutionGuid = {9A658712-4811-4C5A-B2A8-A737C2D775FE}
	EndGlobalSection
EndGlobal
